
Microsoft Visual Studio Solution File, Format Version 12.00
# Visual Studio 15
VisualStudioVersion = 15.0.28306.52
MinimumVisualStudioVersion = 10.0.40219.1
Project("{FAE04EC0-301F-11D3-BF4B-00C04F79EFBC}") = "EducationalProgram", "EducationalProgram\EducationalProgram.csproj", "{90CE4E3B-A635-49CC-A35B-A3F6C506D2A0}"
EndProject
Project("{FAE04EC0-301F-11D3-BF4B-00C04F79EFBC}") = "EducationalProgram.Repository", "EducationalProgram.Repository\EducationalProgram.Repository.csproj", "{62B00F0B-211D-4EB8-9777-FC46686A427B}"
EndProject
Global
	GlobalSection(SolutionConfigurationPlatforms) = preSolution
		Debug|Any CPU = Debug|Any CPU
		Release|Any CPU = Release|Any CPU
	EndGlobalSection
	GlobalSection(ProjectConfigurationPlatforms) = postSolution
		{90CE4E3B-A635-49CC-A35B-A3F6C506D2A0}.Debug|Any CPU.ActiveCfg = Debug|Any CPU
		{90CE4E3B-A635-49CC-A35B-A3F6C506D2A0}.Debug|Any CPU.Build.0 = Debug|Any CPU
		{90CE4E3B-A635-49CC-A35B-A3F6C506D2A0}.Release|Any CPU.ActiveCfg = Release|Any CPU
		{90CE4E3B-A635-49CC-A35B-A3F6C506D2A0}.Release|Any CPU.Build.0 = Release|Any CPU
		{62B00F0B-211D-4EB8-9777-FC46686A427B}.Debug|Any CPU.ActiveCfg = Debug|Any CPU
		{62B00F0B-211D-4EB8-9777-FC46686A427B}.Debug|Any CPU.Build.0 = Debug|Any CPU
		{62B00F0B-211D-4EB8-9777-FC46686A427B}.Release|Any CPU.ActiveCfg = Release|Any CPU
		{62B00F0B-211D-4EB8-9777-FC46686A427B}.Release|Any CPU.Build.0 = Release|Any CPU
	EndGlobalSection
	GlobalSection(SolutionProperties) = preSolution
		HideSolutionNode = FALSE
	EndGlobalSection
	GlobalSection(ExtensibilityGlobals) = postSolution
		SolutionGuid = {9A843EDE-C63F-422E-B0E6-3E30CA736711}
	EndGlobalSection
EndGlobal
